
Microsoft Visual Studio Solution File, Format Version 11.00
# Visual Studio 2010
Project("{FAE04EC0-301F-11D3-BF4B-00C04F79EFBC}") = "mega-saldao", "mega-saldao\mega-saldao.csproj", "{AB265738-09FF-4D21-9BF8-ACAE016290A3}"
EndProject
Global
	GlobalSection(SolutionConfigurationPlatforms) = preSolution
		Debug|Any CPU = Debug|Any CPU
		Release|Any CPU = Release|Any CPU
	EndGlobalSection
	GlobalSection(ProjectConfigurationPlatforms) = postSolution
		{AB265738-09FF-4D21-9BF8-ACAE016290A3}.Debug|Any CPU.ActiveCfg = Debug|Any CPU
		{AB265738-09FF-4D21-9BF8-ACAE016290A3}.Debug|Any CPU.Build.0 = Debug|Any CPU
		{AB265738-09FF-4D21-9BF8-ACAE016290A3}.Release|Any CPU.ActiveCfg = Release|Any CPU
		{AB265738-09FF-4D21-9BF8-ACAE016290A3}.Release|Any CPU.Build.0 = Release|Any CPU
	EndGlobalSection
	GlobalSection(SolutionProperties) = preSolution
		HideSolutionNode = FALSE
	EndGlobalSection
EndGlobal
